
Microsoft Visual Studio Solution File, Format Version 12.00
# Visual Studio Version 16
VisualStudioVersion = 16.0.31424.327
MinimumVisualStudioVersion = 10.0.40219.1
Project("{FAE04EC0-301F-11D3-BF4B-00C04F79EFBC}") = "PJ_CNPM", "PJ_CNPM\PJ_CNPM.csproj", "{51DAC0F7-D3FF-426E-9C46-B1BDA9CF8D5F}"
EndProject
Global
	GlobalSection(SolutionConfigurationPlatforms) = preSolution
		Debug|Any CPU = Debug|Any CPU
		Release|Any CPU = Release|Any CPU
	EndGlobalSection
	GlobalSection(ProjectConfigurationPlatforms) = postSolution
		{51DAC0F7-D3FF-426E-9C46-B1BDA9CF8D5F}.Debug|Any CPU.ActiveCfg = Debug|Any CPU
		{51DAC0F7-D3FF-426E-9C46-B1BDA9CF8D5F}.Debug|Any CPU.Build.0 = Debug|Any CPU
		{51DAC0F7-D3FF-426E-9C46-B1BDA9CF8D5F}.Release|Any CPU.ActiveCfg = Release|Any CPU
		{51DAC0F7-D3FF-426E-9C46-B1BDA9CF8D5F}.Release|Any CPU.Build.0 = Release|Any CPU
	EndGlobalSection
	GlobalSection(SolutionProperties) = preSolution
		HideSolutionNode = FALSE
	EndGlobalSection
	GlobalSection(ExtensibilityGlobals) = postSolution
		SolutionGuid = {A175D735-8215-4BE0-A34B-12F86DE42200}
	EndGlobalSection
EndGlobal
